<?xml version="1.0" encoding="utf-8"?>
<Project ToolsVersion="4.0" xmlns="http://schemas.microsoft.com/developer/msbuild/2003">
  <ItemGroup>
    <Filter Include="Source Files">
      <UniqueIdentifier>{4FC737F1-C7A5-4376-A066-2A32D752A2FF}</UniqueIdentifier>
      <Extensions>cpp;c;cc;cxx;def;odl;idl;hpj;bat;asm;asmx</Extensions>
    </Filter>
    <Filter Include="Header Files">
      <UniqueIdentifier>{93995380-89BD-4b04-88EB-625FBE52EBFB}</UniqueIdentifier>
      <Extensions>h;hh;hpp;hxx;hm;inl;inc;ipp;xsd</Extensions>
    </Filter>
    <Filter Include="Resource Files">
      <UniqueIdentifier>{67DA6AB6-F800-4c08-8B7A-83BB121AAD01}</UniqueIdentifier>
      <Extensions>rc;ico;cur;bmp;dlg;rc2;rct;bin;rgs;gif;jpg;jpeg;jpe;resx;tiff;tif;png;wav;mfcribbon-ms</Extensions>
    </Filter>
    <Filter Include="Common">
      <UniqueIdentifier>{8e145e76-0cd8-45c9-8da1-49d8bff4ead0}</UniqueIdentifier>
    </Filter>
    <Filter Include="Test">
      <UniqueIdentifier>{e4cf7995-9f9a-4de8-b148-8e247636b1d6}</UniqueIdentifier>
    </Filter>
    <Filter Include="Config">
      <UniqueIdentifier>{8cdd065e-b2e8-467f-a609-ed26eae13deb}</UniqueIdentifier>
    </Filter>
  </ItemGroup>
  <ItemGroup>
    <ClCompile Include="Client.cpp">
      <Filter>Source Files</Filter>
    </ClCompile>
    <ClCompile Include="..\Common\WindowsSocket.cpp">
      <Filter>Common</Filter>
    </ClCompile>
    <ClCompile Include="..\Common\SocketFactory.cpp">
      <Filter>Common</Filter>
    </ClCompile>
    <ClCompile Include="..\Common\ConfigLoader.cpp">
      <Filter>Common</Filter>
    </ClCompile>
    <ClCompile Include="Test\Test.cpp">
      <Filter>Test</Filter>
    </ClCompile>
    <ClCompile Include="Config\ServerListLoader.cpp">
      <Filter>Config</Filter>
    </ClCompile>
    <ClCompile Include="..\Common\Packet.cpp">
      <Filter>Common</Filter>
    </ClCompile>
    <ClCompile Include="..\Common\PacketBuilder.cpp">
      <Filter>Common</Filter>
    </ClCompile>
    <ClCompile Include="..\Common\PacketStringMessage.cpp">
      <Filter>Common</Filter>
    </ClCompile>
    <ClCompile Include="..\Common\ByteHandler.cpp">
      <Filter>Common</Filter>
    </ClCompile>
    <ClCompile Include="..\Common\PacketSender.cpp">
      <Filter>Common</Filter>
    </ClCompile>
    <ClCompile Include="..\Common\Tokenizer.cpp">
      <Filter>Common</Filter>
    </ClCompile>
    <ClCompile Include="..\Common\PacketReceiver.cpp">
      <Filter>Common</Filter>
    </ClCompile>
    <ClCompile Include="..\Common\SocketBase.cpp">
      <Filter>Common</Filter>
    </ClCompile>
  </ItemGroup>
  <ItemGroup>
    <ClInclude Include="..\Common\ConfigLoader.h">
      <Filter>Common</Filter>
    </ClInclude>
    <ClInclude Include="Test\Test.h">
      <Filter>Test</Filter>
    </ClInclude>
    <ClInclude Include="Config\ServerListLoader.h">
      <Filter>Config</Filter>
    </ClInclude>
    <ClInclude Include="..\Common\Packet.h">
      <Filter>Common</Filter>
    </ClInclude>
    <ClInclude Include="..\Common\PacketBuilder.h">
      <Filter>Common</Filter>
    </ClInclude>
    <ClInclude Include="..\Common\PacketStringMessage.h">
      <Filter>Common</Filter>
    </ClInclude>
    <ClInclude Include="..\Common\ByteHandler.h">
      <Filter>Common</Filter>
    </ClInclude>
    <ClInclude Include="..\Common\PacketIdentity.h">
      <Filter>Common</Filter>
    </ClInclude>
    <ClInclude Include="..\Common\PacketSender.h">
      <Filter>Common</Filter>
    </ClInclude>
    <ClInclude Include="..\Common\PacketReceiver.h">
      <Filter>Common</Filter>
    </ClInclude>
  </ItemGroup>
</Project>