<?xml version="1.0" encoding="utf-8"?>
<Project ToolsVersion="4.0" xmlns="http://schemas.microsoft.com/developer/msbuild/2003">
  <ItemGroup>
    <Filter Include="Source Files">
      <UniqueIdentifier>{4FC737F1-C7A5-4376-A066-2A32D752A2FF}</UniqueIdentifier>
      <Extensions>cpp;c;cc;cxx;def;odl;idl;hpj;bat;asm;asmx</Extensions>
    </Filter>
    <Filter Include="Header Files">
      <UniqueIdentifier>{93995380-89BD-4b04-88EB-625FBE52EBFB}</UniqueIdentifier>
      <Extensions>h;hh;hpp;hxx;hm;inl;inc;ipp;xsd</Extensions>
    </Filter>
    <Filter Include="Resource Files">
      <UniqueIdentifier>{67DA6AB6-F800-4c08-8B7A-83BB121AAD01}</UniqueIdentifier>
      <Extensions>rc;ico;cur;bmp;dlg;rc2;rct;bin;rgs;gif;jpg;jpeg;jpe;resx;tiff;tif;png;wav;mfcribbon-ms</Extensions>
    </Filter>
    <Filter Include="Common">
      <UniqueIdentifier>{a4f2c5d8-4653-4e55-8bed-76b5a1cdc6c2}</UniqueIdentifier>
    </Filter>
    <Filter Include="Config">
      <UniqueIdentifier>{89501c2c-26a9-49ff-b512-d34eff5e70c4}</UniqueIdentifier>
    </Filter>
    <Filter Include="Thread">
      <UniqueIdentifier>{3c2edeaa-0950-4f3e-ae4d-a197154b4f0f}</UniqueIdentifier>
    </Filter>
  </ItemGroup>
  <ItemGroup>
    <ClCompile Include="Server.cpp">
      <Filter>Source Files</Filter>
    </ClCompile>
    <ClCompile Include="..\Common\SocketFactory.cpp">
      <Filter>Common</Filter>
    </ClCompile>
    <ClCompile Include="..\Common\WindowsSocket.cpp">
      <Filter>Common</Filter>
    </ClCompile>
    <ClCompile Include="Config\PeersConfigLoader.cpp">
      <Filter>Config</Filter>
    </ClCompile>
    <ClCompile Include="EchoDistributedServer.cpp">
      <Filter>Source Files</Filter>
    </ClCompile>
    <ClCompile Include="..\Common\ConfigLoader.cpp">
      <Filter>Common</Filter>
    </ClCompile>
    <ClCompile Include="Thread\ThreadPool.cpp">
      <Filter>Thread</Filter>
    </ClCompile>
    <ClCompile Include="..\Common\Packet.cpp">
      <Filter>Common</Filter>
    </ClCompile>
    <ClCompile Include="..\Common\PacketBuilder.cpp">
      <Filter>Common</Filter>
    </ClCompile>
    <ClCompile Include="..\Common\ByteHandler.cpp">
      <Filter>Common</Filter>
    </ClCompile>
    <ClCompile Include="..\Common\PacketStringMessage.cpp">
      <Filter>Common</Filter>
    </ClCompile>
    <ClCompile Include="..\Common\PacketSender.cpp">
      <Filter>Common</Filter>
    </ClCompile>
    <ClCompile Include="..\Common\Tokenizer.cpp">
      <Filter>Common</Filter>
    </ClCompile>
  </ItemGroup>
  <ItemGroup>
    <ClInclude Include="..\Common\ISocketBase.h">
      <Filter>Common</Filter>
    </ClInclude>
    <ClInclude Include="..\Common\SocketFactory.h">
      <Filter>Common</Filter>
    </ClInclude>
    <ClInclude Include="..\Common\WindowsSocket.h">
      <Filter>Common</Filter>
    </ClInclude>
    <ClInclude Include="Config\PeersConfigLoader.h">
      <Filter>Config</Filter>
    </ClInclude>
    <ClInclude Include="EchoDistributedServer.h">
      <Filter>Header Files</Filter>
    </ClInclude>
    <ClInclude Include="..\Common\ConfigLoader.h">
      <Filter>Common</Filter>
    </ClInclude>
    <ClInclude Include="Config\PeersConfig.h">
      <Filter>Config</Filter>
    </ClInclude>
    <ClInclude Include="Config\ServerConfig.h">
      <Filter>Config</Filter>
    </ClInclude>
    <ClInclude Include="Thread\ThreadPool.h">
      <Filter>Thread</Filter>
    </ClInclude>
    <ClInclude Include="..\Common\PacketIdentity.h">
      <Filter>Common</Filter>
    </ClInclude>
    <ClInclude Include="..\Common\PacketSender.h">
      <Filter>Common</Filter>
    </ClInclude>
    <ClInclude Include="..\Common\Tokenizer.h">
      <Filter>Common</Filter>
    </ClInclude>
  </ItemGroup>
</Project>